// !$*UTF8*$!
{
	archiveVersion = 1;
	classes = {
	};
	objectVersion = 50;
	objects = {

/* Begin PBXBuildFile section */
		83354F9721E8F25100586D1B /* BaseViewController.swift in Sources */ = {isa = PBXBuildFile; fileRef = 83354F9621E8F25100586D1B /* BaseViewController.swift */; };
		83354F9921E921D700586D1B /* SearchViewController.swift in Sources */ = {isa = PBXBuildFile; fileRef = 83354F9821E921D700586D1B /* SearchViewController.swift */; };
		83354F9B21E921EB00586D1B /* FavouritesViewController.swift in Sources */ = {isa = PBXBuildFile; fileRef = 83354F9A21E921EB00586D1B /* FavouritesViewController.swift */; };
		83354FA021E93BDC00586D1B /* WelcomeScreenTableViewCell.swift in Sources */ = {isa = PBXBuildFile; fileRef = 83354F9E21E93BDC00586D1B /* WelcomeScreenTableViewCell.swift */; };
		83354FA121E93BDC00586D1B /* WelcomeScreenTableViewCell.xib in Resources */ = {isa = PBXBuildFile; fileRef = 83354F9F21E93BDC00586D1B /* WelcomeScreenTableViewCell.xib */; };
		83354FA521E954E900586D1B /* FoodImageTableViewCell.swift in Sources */ = {isa = PBXBuildFile; fileRef = 83354FA321E954E900586D1B /* FoodImageTableViewCell.swift */; };
		83354FA621E954E900586D1B /* FoodImageTableViewCell.xib in Resources */ = {isa = PBXBuildFile; fileRef = 83354FA421E954E900586D1B /* FoodImageTableViewCell.xib */; };
		83354FA821E9E68A00586D1B /* SearchFooter.swift in Sources */ = {isa = PBXBuildFile; fileRef = 83354FA721E9E68A00586D1B /* SearchFooter.swift */; };
		83354FAA21E9E95F00586D1B /* DetailsViewController.swift in Sources */ = {isa = PBXBuildFile; fileRef = 83354FA921E9E95F00586D1B /* DetailsViewController.swift */; };
		83354FAC21E9EAEA00586D1B /* Recipes.swift in Sources */ = {isa = PBXBuildFile; fileRef = 83354FAB21E9EAEA00586D1B /* Recipes.swift */; };
		83354FAE21EA7A1000586D1B /* SomeData.swift in Sources */ = {isa = PBXBuildFile; fileRef = 83354FAD21EA7A1000586D1B /* SomeData.swift */; };
		83B10CAD21E88B76003483CE /* AppDelegate.swift in Sources */ = {isa = PBXBuildFile; fileRef = 83B10CAC21E88B76003483CE /* AppDelegate.swift */; };
		83B10CB221E88B76003483CE /* Main.storyboard in Resources */ = {isa = PBXBuildFile; fileRef = 83B10CB021E88B76003483CE /* Main.storyboard */; };
		83B10CB521E88B76003483CE /* Recipe_Jotter.xcdatamodeld in Sources */ = {isa = PBXBuildFile; fileRef = 83B10CB321E88B76003483CE /* Recipe_Jotter.xcdatamodeld */; };
		83B10CB721E88B77003483CE /* Assets.xcassets in Resources */ = {isa = PBXBuildFile; fileRef = 83B10CB621E88B77003483CE /* Assets.xcassets */; };
		83B10CBA21E88B77003483CE /* LaunchScreen.storyboard in Resources */ = {isa = PBXBuildFile; fileRef = 83B10CB821E88B77003483CE /* LaunchScreen.storyboard */; };
		83B10CC221E8942A003483CE /* MainViewController.swift in Sources */ = {isa = PBXBuildFile; fileRef = 83B10CC121E8942A003483CE /* MainViewController.swift */; };
		83B10CC621E8D17E003483CE /* HomePageViewController.swift in Sources */ = {isa = PBXBuildFile; fileRef = 83B10CC521E8D17E003483CE /* HomePageViewController.swift */; };
/* End PBXBuildFile section */

/* Begin PBXFileReference section */
		83354F9621E8F25100586D1B /* BaseViewController.swift */ = {isa = PBXFileReference; lastKnownFileType = sourcecode.swift; path = BaseViewController.swift; sourceTree = "<group>"; };
		83354F9821E921D700586D1B /* SearchViewController.swift */ = {isa = PBXFileReference; lastKnownFileType = sourcecode.swift; path = SearchViewController.swift; sourceTree = "<group>"; };
		83354F9A21E921EB00586D1B /* FavouritesViewController.swift */ = {isa = PBXFileReference; lastKnownFileType = sourcecode.swift; path = FavouritesViewController.swift; sourceTree = "<group>"; };
		83354F9E21E93BDC00586D1B /* WelcomeScreenTableViewCell.swift */ = {isa = PBXFileReference; lastKnownFileType = sourcecode.swift; path = WelcomeScreenTableViewCell.swift; sourceTree = "<group>"; };
		83354F9F21E93BDC00586D1B /* WelcomeScreenTableViewCell.xib */ = {isa = PBXFileReference; lastKnownFileType = file.xib; path = WelcomeScreenTableViewCell.xib; sourceTree = "<group>"; };
		83354FA321E954E900586D1B /* FoodImageTableViewCell.swift */ = {isa = PBXFileReference; lastKnownFileType = sourcecode.swift; path = FoodImageTableViewCell.swift; sourceTree = "<group>"; };
		83354FA421E954E900586D1B /* FoodImageTableViewCell.xib */ = {isa = PBXFileReference; lastKnownFileType = file.xib; path = FoodImageTableViewCell.xib; sourceTree = "<group>"; };
		83354FA721E9E68A00586D1B /* SearchFooter.swift */ = {isa = PBXFileReference; lastKnownFileType = sourcecode.swift; path = SearchFooter.swift; sourceTree = "<group>"; };
		83354FA921E9E95F00586D1B /* DetailsViewController.swift */ = {isa = PBXFileReference; lastKnownFileType = sourcecode.swift; path = DetailsViewController.swift; sourceTree = "<group>"; };
		83354FAB21E9EAEA00586D1B /* Recipes.swift */ = {isa = PBXFileReference; lastKnownFileType = sourcecode.swift; path = Recipes.swift; sourceTree = "<group>"; };
		83354FAD21EA7A1000586D1B /* SomeData.swift */ = {isa = PBXFileReference; lastKnownFileType = sourcecode.swift; path = SomeData.swift; sourceTree = "<group>"; };
		83B10CA921E88B76003483CE /* Recipe Jotter.app */ = {isa = PBXFileReference; explicitFileType = wrapper.application; includeInIndex = 0; path = "Recipe Jotter.app"; sourceTree = BUILT_PRODUCTS_DIR; };
		83B10CAC21E88B76003483CE /* AppDelegate.swift */ = {isa = PBXFileReference; lastKnownFileType = sourcecode.swift; path = AppDelegate.swift; sourceTree = "<group>"; };
		83B10CB121E88B76003483CE /* Base */ = {isa = PBXFileReference; lastKnownFileType = file.storyboard; name = Base; path = Base.lproj/Main.storyboard; sourceTree = "<group>"; };
		83B10CB421E88B76003483CE /* Recipe_Jotter.xcdatamodel */ = {isa = PBXFileReference; lastKnownFileType = wrapper.xcdatamodel; path = Recipe_Jotter.xcdatamodel; sourceTree = "<group>"; };
		83B10CB621E88B77003483CE /* Assets.xcassets */ = {isa = PBXFileReference; lastKnownFileType = folder.assetcatalog; path = Assets.xcassets; sourceTree = "<group>"; };
		83B10CB921E88B77003483CE /* Base */ = {isa = PBXFileReference; lastKnownFileType = file.storyboard; name = Base; path = Base.lproj/LaunchScreen.storyboard; sourceTree = "<group>"; };
		83B10CBB21E88B77003483CE /* Info.plist */ = {isa = PBXFileReference; lastKnownFileType = text.plist.xml; path = Info.plist; sourceTree = "<group>"; };
		83B10CC121E8942A003483CE /* MainViewController.swift */ = {isa = PBXFileReference; lastKnownFileType = sourcecode.swift; path = MainViewController.swift; sourceTree = "<group>"; };
		83B10CC521E8D17E003483CE /* HomePageViewController.swift */ = {isa = PBXFileReference; lastKnownFileType = sourcecode.swift; path = HomePageViewController.swift; sourceTree = "<group>"; };
/* End PBXFileReference section */

/* Begin PBXFrameworksBuildPhase section */
		83B10CA621E88B76003483CE /* Frameworks */ = {
			isa = PBXFrameworksBuildPhase;
			buildActionMask = 2147483647;
			files = (
			);
			runOnlyForDeploymentPostprocessing = 0;
		};
/* End PBXFrameworksBuildPhase section */

/* Begin PBXGroup section */
		83354F9C21E9382700586D1B /* controllers */ = {
			isa = PBXGroup;
			children = (
				83354F9821E921D700586D1B /* SearchViewController.swift */,
				83354F9A21E921EB00586D1B /* FavouritesViewController.swift */,
				83B10CC521E8D17E003483CE /* HomePageViewController.swift */,
				83354F9621E8F25100586D1B /* BaseViewController.swift */,
				83B10CC121E8942A003483CE /* MainViewController.swift */,
				83354FA921E9E95F00586D1B /* DetailsViewController.swift */,
			);
			path = controllers;
			sourceTree = "<group>";
		};
		83354F9D21E9383500586D1B /* storyboards */ = {
			isa = PBXGroup;
			children = (
				83B10CB021E88B76003483CE /* Main.storyboard */,
			);
			path = storyboards;
			sourceTree = "<group>";
		};
		83354FA221E93BE200586D1B /* controls */ = {
			isa = PBXGroup;
			children = (
				83354F9E21E93BDC00586D1B /* WelcomeScreenTableViewCell.swift */,
				83354F9F21E93BDC00586D1B /* WelcomeScreenTableViewCell.xib */,
				83354FA321E954E900586D1B /* FoodImageTableViewCell.swift */,
				83354FA421E954E900586D1B /* FoodImageTableViewCell.xib */,
			);
			path = controls;
			sourceTree = "<group>";
		};
		83B10CA021E88B76003483CE = {
			isa = PBXGroup;
			children = (
				83B10CAB21E88B76003483CE /* Recipe Jotter */,
				83B10CAA21E88B76003483CE /* Products */,
			);
			sourceTree = "<group>";
		};
		83B10CAA21E88B76003483CE /* Products */ = {
			isa = PBXGroup;
			children = (
				83B10CA921E88B76003483CE /* Recipe Jotter.app */,
			);
			name = Products;
			sourceTree = "<group>";
		};
		83B10CAB21E88B76003483CE /* Recipe Jotter */ = {
			isa = PBXGroup;
			children = (
				83354FAD21EA7A1000586D1B /* SomeData.swift */,
				83354FAB21E9EAEA00586D1B /* Recipes.swift */,
				83354FA721E9E68A00586D1B /* SearchFooter.swift */,
				83B10CAC21E88B76003483CE /* AppDelegate.swift */,
				83354F9D21E9383500586D1B /* storyboards */,
				83354F9C21E9382700586D1B /* controllers */,
				83354FA221E93BE200586D1B /* controls */,
				83B10CB621E88B77003483CE /* Assets.xcassets */,
				83B10CB821E88B77003483CE /* LaunchScreen.storyboard */,
				83B10CBB21E88B77003483CE /* Info.plist */,
				83B10CB321E88B76003483CE /* Recipe_Jotter.xcdatamodeld */,
			);
			path = "Recipe Jotter";
			sourceTree = "<group>";
		};
/* End PBXGroup section */

/* Begin PBXNativeTarget section */
		83B10CA821E88B76003483CE /* Recipe Jotter */ = {
			isa = PBXNativeTarget;
			buildConfigurationList = 83B10CBE21E88B77003483CE /* Build configuration list for PBXNativeTarget "Recipe Jotter" */;
			buildPhases = (
				83B10CA521E88B76003483CE /* Sources */,
				83B10CA621E88B76003483CE /* Frameworks */,
				83B10CA721E88B76003483CE /* Resources */,
			);
			buildRules = (
			);
			dependencies = (
			);
			name = "Recipe Jotter";
			productName = "Recipe Jotter";
			productReference = 83B10CA921E88B76003483CE /* Recipe Jotter.app */;
			productType = "com.apple.product-type.application";
		};
/* End PBXNativeTarget section */

/* Begin PBXProject section */
		83B10CA121E88B76003483CE /* Project object */ = {
			isa = PBXProject;
			attributes = {
				LastSwiftUpdateCheck = 1010;
				LastUpgradeCheck = 1010;
				ORGANIZATIONNAME = "Sam Blackburn";
				TargetAttributes = {
					83B10CA821E88B76003483CE = {
						CreatedOnToolsVersion = 10.1;
					};
				};
			};
			buildConfigurationList = 83B10CA421E88B76003483CE /* Build configuration list for PBXProject "Recipe Jotter" */;
			compatibilityVersion = "Xcode 9.3";
			developmentRegion = en;
			hasScannedForEncodings = 0;
			knownRegions = (
				en,
				Base,
			);
			mainGroup = 83B10CA021E88B76003483CE;
			productRefGroup = 83B10CAA21E88B76003483CE /* Products */;
			projectDirPath = "";
			projectRoot = "";
			targets = (
				83B10CA821E88B76003483CE /* Recipe Jotter */,
			);
		};
/* End PBXProject section */

/* Begin PBXResourcesBuildPhase section */
		83B10CA721E88B76003483CE /* Resources */ = {
			isa = PBXResourcesBuildPhase;
			buildActionMask = 2147483647;
			files = (
				83B10CBA21E88B77003483CE /* LaunchScreen.storyboard in Resources */,
				83B10CB721E88B77003483CE /* Assets.xcassets in Resources */,
				83354FA121E93BDC00586D1B /* WelcomeScreenTableViewCell.xib in Resources */,
				83354FA621E954E900586D1B /* FoodImageTableViewCell.xib in Resources */,
				83B10CB221E88B76003483CE /* Main.storyboard in Resources */,
			);
			runOnlyForDeploymentPostprocessing = 0;
		};
/* End PBXResourcesBuildPhase section */

/* Begin PBXSourcesBuildPhase section */
		83B10CA521E88B76003483CE /* Sources */ = {
			isa = PBXSourcesBuildPhase;
			buildActionMask = 2147483647;
			files = (
				83354FA821E9E68A00586D1B /* SearchFooter.swift in Sources */,
				83354F9B21E921EB00586D1B /* FavouritesViewController.swift in Sources */,
				83354F9921E921D700586D1B /* SearchViewController.swift in Sources */,
				83354FAE21EA7A1000586D1B /* SomeData.swift in Sources */,
				83354FAA21E9E95F00586D1B /* DetailsViewController.swift in Sources */,
				83B10CAD21E88B76003483CE /* AppDelegate.swift in Sources */,
				83B10CB521E88B76003483CE /* Recipe_Jotter.xcdatamodeld in Sources */,
				83354FA021E93BDC00586D1B /* WelcomeScreenTableViewCell.swift in Sources */,
				83354FAC21E9EAEA00586D1B /* Recipes.swift in Sources */,
				83B10CC621E8D17E003483CE /* HomePageViewController.swift in Sources */,
				83354FA521E954E900586D1B /* FoodImageTableViewCell.swift in Sources */,
				83B10CC221E8942A003483CE /* MainViewController.swift in Sources */,
				83354F9721E8F25100586D1B /* BaseViewController.swift in Sources */,
			);
			runOnlyForDeploymentPostprocessing = 0;
		};
/* End PBXSourcesBuildPhase section */

/* Begin PBXVariantGroup section */
		83B10CB021E88B76003483CE /* Main.storyboard */ = {
			isa = PBXVariantGroup;
			children = (
				83B10CB121E88B76003483CE /* Base */,
			);
			name = Main.storyboard;
			sourceTree = "<group>";
		};
		83B10CB821E88B77003483CE /* LaunchScreen.storyboard */ = {
			isa = PBXVariantGroup;
			children = (
				83B10CB921E88B77003483CE /* Base */,
			);
			name = LaunchScreen.storyboard;
			sourceTree = "<group>";
		};
/* End PBXVariantGroup section */

/* Begin XCBuildConfiguration section */
		83B10CBC21E88B77003483CE /* Debug */ = {
			isa = XCBuildConfiguration;
			buildSettings = {
				ALWAYS_SEARCH_USER_PATHS = NO;
				CLANG_ANALYZER_NONNULL = YES;
				CLANG_ANALYZER_NUMBER_OBJECT_CONVERSION = YES_AGGRESSIVE;
				CLANG_CXX_LANGUAGE_STANDARD = "gnu++14";
				CLANG_CXX_LIBRARY = "libc++";
				CLANG_ENABLE_MODULES = YES;
				CLANG_ENABLE_OBJC_ARC = YES;
				CLANG_ENABLE_OBJC_WEAK = YES;
				CLANG_WARN_BLOCK_CAPTURE_AUTORELEASING = YES;
				CLANG_WARN_BOOL_CONVERSION = YES;
				CLANG_WARN_COMMA = YES;
				CLANG_WARN_CONSTANT_CONVERSION = YES;
				CLANG_WARN_DEPRECATED_OBJC_IMPLEMENTATIONS = YES;
				CLANG_WARN_DIRECT_OBJC_ISA_USAGE = YES_ERROR;
				CLANG_WARN_DOCUMENTATION_COMMENTS = YES;
				CLANG_WARN_EMPTY_BODY = YES;
				CLANG_WARN_ENUM_CONVERSION = YES;
				CLANG_WARN_INFINITE_RECURSION = YES;
				CLANG_WARN_INT_CONVERSION = YES;
				CLANG_WARN_NON_LITERAL_NULL_CONVERSION = YES;
				CLANG_WARN_OBJC_IMPLICIT_RETAIN_SELF = YES;
				CLANG_WARN_OBJC_LITERAL_CONVERSION = YES;
				CLANG_WARN_OBJC_ROOT_CLASS = YES_ERROR;
				CLANG_WARN_RANGE_LOOP_ANALYSIS = YES;
				CLANG_WARN_STRICT_PROTOTYPES = YES;
				CLANG_WARN_SUSPICIOUS_MOVE = YES;
				CLANG_WARN_UNGUARDED_AVAILABILITY = YES_AGGRESSIVE;
				CLANG_WARN_UNREACHABLE_CODE = YES;
				CLANG_WARN__DUPLICATE_METHOD_MATCH = YES;
				CODE_SIGN_IDENTITY = "iPhone Developer";
				COPY_PHASE_STRIP = NO;
				DEBUG_INFORMATION_FORMAT = dwarf;
				ENABLE_STRICT_OBJC_MSGSEND = YES;
				ENABLE_TESTABILITY = YES;
				GCC_C_LANGUAGE_STANDARD = gnu11;
				GCC_DYNAMIC_NO_PIC = NO;
				GCC_NO_COMMON_BLOCKS = YES;
				GCC_OPTIMIZATION_LEVEL = 0;
				GCC_PREPROCESSOR_DEFINITIONS = (
					"DEBUG=1",
					"$(inherited)",
				);
				GCC_WARN_64_TO_32_BIT_CONVERSION = YES;
				GCC_WARN_ABOUT_RETURN_TYPE = YES_ERROR;
				GCC_WARN_UNDECLARED_SELECTOR = YES;
				GCC_WARN_UNINITIALIZED_AUTOS = YES_AGGRESSIVE;
				GCC_WARN_UNUSED_FUNCTION = YES;
				GCC_WARN_UNUSED_VARIABLE = YES;
				IPHONEOS_DEPLOYMENT_TARGET = 12.1;
				MTL_ENABLE_DEBUG_INFO = INCLUDE_SOURCE;
				MTL_FAST_MATH = YES;
				ONLY_ACTIVE_ARCH = YES;
				SDKROOT = iphoneos;
				SWIFT_ACTIVE_COMPILATION_CONDITIONS = DEBUG;
				SWIFT_OPTIMIZATION_LEVEL = "-Onone";
			};
			name = Debug;
		};
		83B10CBD21E88B77003483CE /* Release */ = {
			isa = XCBuildConfiguration;
			buildSettings = {
				ALWAYS_SEARCH_USER_PATHS = NO;
				CLANG_ANALYZER_NONNULL = YES;
				CLANG_ANALYZER_NUMBER_OBJECT_CONVERSION = YES_AGGRESSIVE;
				CLANG_CXX_LANGUAGE_STANDARD = "gnu++14";
				CLANG_CXX_LIBRARY = "libc++";
				CLANG_ENABLE_MODULES = YES;
				CLANG_ENABLE_OBJC_ARC = YES;
				CLANG_ENABLE_OBJC_WEAK = YES;
				CLANG_WARN_BLOCK_CAPTURE_AUTORELEASING = YES;
				CLANG_WARN_BOOL_CONVERSION = YES;
				CLANG_WARN_COMMA = YES;
				CLANG_WARN_CONSTANT_CONVERSION = YES;
				CLANG_WARN_DEPRECATED_OBJC_IMPLEMENTATIONS = YES;
				CLANG_WARN_DIRECT_OBJC_ISA_USAGE = YES_ERROR;
				CLANG_WARN_DOCUMENTATION_COMMENTS = YES;
				CLANG_WARN_EMPTY_BODY = YES;
				CLANG_WARN_ENUM_CONVERSION = YES;
				CLANG_WARN_INFINITE_RECURSION = YES;
				CLANG_WARN_INT_CONVERSION = YES;
				CLANG_WARN_NON_LITERAL_NULL_CONVERSION = YES;
				CLANG_WARN_OBJC_IMPLICIT_RETAIN_SELF = YES;
				CLANG_WARN_OBJC_LITERAL_CONVERSION = YES;
				CLANG_WARN_OBJC_ROOT_CLASS = YES_ERROR;
				CLANG_WARN_RANGE_LOOP_ANALYSIS = YES;
				CLANG_WARN_STRICT_PROTOTYPES = YES;
				CLANG_WARN_SUSPICIOUS_MOVE = YES;
				CLANG_WARN_UNGUARDED_AVAILABILITY = YES_AGGRESSIVE;
				CLANG_WARN_UNREACHABLE_CODE = YES;
				CLANG_WARN__DUPLICATE_METHOD_MATCH = YES;
				CODE_SIGN_IDENTITY = "iPhone Developer";
				COPY_PHASE_STRIP = NO;
				DEBUG_INFORMATION_FORMAT = "dwarf-with-dsym";
				ENABLE_NS_ASSERTIONS = NO;
				ENABLE_STRICT_OBJC_MSGSEND = YES;
				GCC_C_LANGUAGE_STANDARD = gnu11;
				GCC_NO_COMMON_BLOCKS = YES;
				GCC_WARN_64_TO_32_BIT_CONVERSION = YES;
				GCC_WARN_ABOUT_RETURN_TYPE = YES_ERROR;
				GCC_WARN_UNDECLARED_SELECTOR = YES;
				GCC_WARN_UNINITIALIZED_AUTOS = YES_AGGRESSIVE;
				GCC_WARN_UNUSED_FUNCTION = YES;
				GCC_WARN_UNUSED_VARIABLE = YES;
				IPHONEOS_DEPLOYMENT_TARGET = 12.1;
				MTL_ENABLE_DEBUG_INFO = NO;
				MTL_FAST_MATH = YES;
				SDKROOT = iphoneos;
				SWIFT_COMPILATION_MODE = wholemodule;
				SWIFT_OPTIMIZATION_LEVEL = "-O";
				VALIDATE_PRODUCT = YES;
			};
			name = Release;
		};
		83B10CBF21E88B77003483CE /* Debug */ = {
			isa = XCBuildConfiguration;
			buildSettings = {
				ASSETCATALOG_COMPILER_APPICON_NAME = AppIcon;
				CODE_SIGN_STYLE = Automatic;
				INFOPLIST_FILE = "Recipe Jotter/Info.plist";
				LD_RUNPATH_SEARCH_PATHS = (
					"$(inherited)",
					"@executable_path/Frameworks",
				);
				PRODUCT_BUNDLE_IDENTIFIER = "samblackburn.Recipe-Jotter";
				PRODUCT_NAME = "$(TARGET_NAME)";
				SWIFT_VERSION = 4.2;
				TARGETED_DEVICE_FAMILY = "1,2";
			};
			name = Debug;
		};
		83B10CC021E88B77003483CE /* Release */ = {
			isa = XCBuildConfiguration;
			buildSettings = {
				ASSETCATALOG_COMPILER_APPICON_NAME = AppIcon;
				CODE_SIGN_STYLE = Automatic;
				INFOPLIST_FILE = "Recipe Jotter/Info.plist";
				LD_RUNPATH_SEARCH_PATHS = (
					"$(inherited)",
					"@executable_path/Frameworks",
				);
				PRODUCT_BUNDLE_IDENTIFIER = "samblackburn.Recipe-Jotter";
				PRODUCT_NAME = "$(TARGET_NAME)";
				SWIFT_VERSION = 4.2;
				TARGETED_DEVICE_FAMILY = "1,2";
			};
			name = Release;
		};
/* End XCBuildConfiguration section */

/* Begin XCConfigurationList section */
		83B10CA421E88B76003483CE /* Build configuration list for PBXProject "Recipe Jotter" */ = {
			isa = XCConfigurationList;
			buildConfigurations = (
				83B10CBC21E88B77003483CE /* Debug */,
				83B10CBD21E88B77003483CE /* Release */,
			);
			defaultConfigurationIsVisible = 0;
			defaultConfigurationName = Release;
		};
		83B10CBE21E88B77003483CE /* Build configuration list for PBXNativeTarget "Recipe Jotter" */ = {
			isa = XCConfigurationList;
			buildConfigurations = (
				83B10CBF21E88B77003483CE /* Debug */,
				83B10CC021E88B77003483CE /* Release */,
			);
			defaultConfigurationIsVisible = 0;
			defaultConfigurationName = Release;
		};
/* End XCConfigurationList section */

/* Begin XCVersionGroup section */
		83B10CB321E88B76003483CE /* Recipe_Jotter.xcdatamodeld */ = {
			isa = XCVersionGroup;
			children = (
				83B10CB421E88B76003483CE /* Recipe_Jotter.xcdatamodel */,
			);
			currentVersion = 83B10CB421E88B76003483CE /* Recipe_Jotter.xcdatamodel */;
			path = Recipe_Jotter.xcdatamodeld;
			sourceTree = "<group>";
			versionGroupType = wrapper.xcdatamodel;
		};
/* End XCVersionGroup section */
	};
	rootObject = 83B10CA121E88B76003483CE /* Project object */;
}
